
Microsoft Visual Studio Solution File, Format Version 12.00
# Visual Studio Version 17
VisualStudioVersion = 17.5.33516.290
MinimumVisualStudioVersion = 10.0.40219.1
Project("{FAE04EC0-301F-11D3-BF4B-00C04F79EFBC}") = "Đề 2", "Đề 2\Đề 2.csproj", "{F8F7D18A-3A4C-4860-9216-DC7B1A19AEBC}"
EndProject
Global
	GlobalSection(SolutionConfigurationPlatforms) = preSolution
		Debug|Any CPU = Debug|Any CPU
		Release|Any CPU = Release|Any CPU
	EndGlobalSection
	GlobalSection(ProjectConfigurationPlatforms) = postSolution
		{F8F7D18A-3A4C-4860-9216-DC7B1A19AEBC}.Debug|Any CPU.ActiveCfg = Debug|Any CPU
		{F8F7D18A-3A4C-4860-9216-DC7B1A19AEBC}.Debug|Any CPU.Build.0 = Debug|Any CPU
		{F8F7D18A-3A4C-4860-9216-DC7B1A19AEBC}.Release|Any CPU.ActiveCfg = Release|Any CPU
		{F8F7D18A-3A4C-4860-9216-DC7B1A19AEBC}.Release|Any CPU.Build.0 = Release|Any CPU
	EndGlobalSection
	GlobalSection(SolutionProperties) = preSolution
		HideSolutionNode = FALSE
	EndGlobalSection
	GlobalSection(ExtensibilityGlobals) = postSolution
		SolutionGuid = {C1A975D5-15E8-4343-90DF-DF36B7661DE3}
	EndGlobalSection
EndGlobal
