
Microsoft Visual Studio Solution File, Format Version 12.00
# Visual Studio Version 17
VisualStudioVersion = 17.5.33516.290
MinimumVisualStudioVersion = 10.0.40219.1
Project("{FAE04EC0-301F-11D3-BF4B-00C04F79EFBC}") = "Đề 01_1", "Đề 01_1\Đề 01_1.csproj", "{652D0660-458E-43FE-B155-B789D54BC242}"
EndProject
Global
	GlobalSection(SolutionConfigurationPlatforms) = preSolution
		Debug|Any CPU = Debug|Any CPU
		Release|Any CPU = Release|Any CPU
	EndGlobalSection
	GlobalSection(ProjectConfigurationPlatforms) = postSolution
		{652D0660-458E-43FE-B155-B789D54BC242}.Debug|Any CPU.ActiveCfg = Debug|Any CPU
		{652D0660-458E-43FE-B155-B789D54BC242}.Debug|Any CPU.Build.0 = Debug|Any CPU
		{652D0660-458E-43FE-B155-B789D54BC242}.Release|Any CPU.ActiveCfg = Release|Any CPU
		{652D0660-458E-43FE-B155-B789D54BC242}.Release|Any CPU.Build.0 = Release|Any CPU
	EndGlobalSection
	GlobalSection(SolutionProperties) = preSolution
		HideSolutionNode = FALSE
	EndGlobalSection
	GlobalSection(ExtensibilityGlobals) = postSolution
		SolutionGuid = {629AA2C7-F37C-499D-BE41-71B91D1D362B}
	EndGlobalSection
EndGlobal
